Microsoft Visual Studio Solution File, Format Version 12.00
# Visual Studio Version 18
VisualStudioVersion = 18.6.11822.322
MinimumVisualStudioVersion = 10.0.40219.1
Project("{FAE04EC0-301F-11D3-BF4B-00C04F79EFBC}") = "BikeRental", "BikeRental\BikeRental.csproj", "{9E1C4F32-7B8A-4D6E-A2B5-3F7C8E9D1A2B}"
EndProject
Global
	GlobalSection(SolutionConfigurationPlatforms) = preSolution
		Debug|Any CPU = Debug|Any CPU
		Release|Any CPU = Release|Any CPU
	EndGlobalSection
	GlobalSection(ProjectConfigurationPlatforms) = postSolution
		{9E1C4F32-7B8A-4D6E-A2B5-3F7C8E9D1A2B}.Debug|Any CPU.ActiveCfg = Debug|Any CPU
		{9E1C4F32-7B8A-4D6E-A2B5-3F7C8E9D1A2B}.Debug|Any CPU.Build.0 = Debug|Any CPU
		{9E1C4F32-7B8A-4D6E-A2B5-3F7C8E9D1A2B}.Release|Any CPU.ActiveCfg = Release|Any CPU
		{9E1C4F32-7B8A-4D6E-A2B5-3F7C8E9D1A2B}.Release|Any CPU.Build.0 = Release|Any CPU
	EndGlobalSection
	GlobalSection(SolutionProperties) = preSolution
		HideSolutionNode = FALSE
	EndGlobalSection
	GlobalSection(ExtensibilityGlobals) = postSolution
		SolutionGuid = {6B039CBF-76CC-477F-88BF-CC7BA685B175}
	EndGlobalSection
EndGlobal
